// !$*UTF8*$!
{
	archiveVersion = 1;
	classes = {
	};
	objectVersion = 56;
	objects = {

/* Begin PBXBuildFile section */
		B574955F2A5D7224009105F3 /* PersonPreviewView.swift in Sources */ = {isa = PBXBuildFile; fileRef = B574955E2A5D7224009105F3 /* PersonPreviewView.swift */; };
		B57495652A5DDB8F009105F3 /* Persons.swift in Sources */ = {isa = PBXBuildFile; fileRef = B57495642A5DDB8F009105F3 /* Persons.swift */; };
		B598E3482A69DFA2002E9B87 /* DetailView.swift in Sources */ = {isa = PBXBuildFile; fileRef = B598E3472A69DFA2002E9B87 /* DetailView.swift */; };
		B59EBD962A59286B001B7C0A /* shootingMapApp.swift in Sources */ = {isa = PBXBuildFile; fileRef = B59EBD952A59286B001B7C0A /* shootingMapApp.swift */; };
		B59EBD982A59286B001B7C0A /* ContentView.swift in Sources */ = {isa = PBXBuildFile; fileRef = B59EBD972A59286B001B7C0A /* ContentView.swift */; };
		B59EBD9A2A59286F001B7C0A /* Assets.xcassets in Resources */ = {isa = PBXBuildFile; fileRef = B59EBD992A59286F001B7C0A /* Assets.xcassets */; };
		B59EBD9D2A59286F001B7C0A /* Preview Assets.xcassets in Resources */ = {isa = PBXBuildFile; fileRef = B59EBD9C2A59286F001B7C0A /* Preview Assets.xcassets */; };
		B59EBDA72A5929B8001B7C0A /* Person.swift in Sources */ = {isa = PBXBuildFile; fileRef = B59EBDA62A5929B8001B7C0A /* Person.swift */; };
		B59EBDB02A5942DC001B7C0A /* Token.swift in Sources */ = {isa = PBXBuildFile; fileRef = B59EBDAF2A5942DC001B7C0A /* Token.swift */; };
		B5BE21C82A6F82FD00BA982E /* Agency.swift in Sources */ = {isa = PBXBuildFile; fileRef = B5BE21C72A6F82FD00BA982E /* Agency.swift */; };
		B5BE21CA2A6F843400BA982E /* Agencies.swift in Sources */ = {isa = PBXBuildFile; fileRef = B5BE21C92A6F843400BA982E /* Agencies.swift */; };
		B5C4EE8D2A5F7CE6002FE7E4 /* FilterView.swift in Sources */ = {isa = PBXBuildFile; fileRef = B5C4EE8C2A5F7CE6002FE7E4 /* FilterView.swift */; };
		B5C4EE902A603A01002FE7E4 /* armedTypes.txt in Resources */ = {isa = PBXBuildFile; fileRef = B5C4EE8F2A603A01002FE7E4 /* armedTypes.txt */; };
		B5C93B052A5C83A100053F23 /* PersonMapAnnotationView.swift in Sources */ = {isa = PBXBuildFile; fileRef = B5C93B042A5C83A100053F23 /* PersonMapAnnotationView.swift */; };
		B5FDB8832A5AD87200D46198 /* Peoples.swift in Sources */ = {isa = PBXBuildFile; fileRef = B5FDB8822A5AD87200D46198 /* Peoples.swift */; };
		B5FDB8852A5AD8BE00D46198 /* ShootAPI.swift in Sources */ = {isa = PBXBuildFile; fileRef = B5FDB8842A5AD8BE00D46198 /* ShootAPI.swift */; };
		B5FDB8892A5ADA9000D46198 /* PeoplesView.swift in Sources */ = {isa = PBXBuildFile; fileRef = B5FDB8882A5ADA9000D46198 /* PeoplesView.swift */; };
		B5FDB88B2A5AE2C100D46198 /* PeoplesViewModel.swift in Sources */ = {isa = PBXBuildFile; fileRef = B5FDB88A2A5AE2C100D46198 /* PeoplesViewModel.swift */; };
		B5FDB88D2A5AF8A900D46198 /* FilteredPersons.swift in Sources */ = {isa = PBXBuildFile; fileRef = B5FDB88C2A5AF8A900D46198 /* FilteredPersons.swift */; };
/* End PBXBuildFile section */

/* Begin PBXFileReference section */
		B574955E2A5D7224009105F3 /* PersonPreviewView.swift */ = {isa = PBXFileReference; lastKnownFileType = sourcecode.swift; path = PersonPreviewView.swift; sourceTree = "<group>"; };
		B57495642A5DDB8F009105F3 /* Persons.swift */ = {isa = PBXFileReference; lastKnownFileType = sourcecode.swift; path = Persons.swift; sourceTree = "<group>"; };
		B598E3472A69DFA2002E9B87 /* DetailView.swift */ = {isa = PBXFileReference; lastKnownFileType = sourcecode.swift; path = DetailView.swift; sourceTree = "<group>"; };
		B59EBD922A59286B001B7C0A /* shootingMap.app */ = {isa = PBXFileReference; explicitFileType = wrapper.application; includeInIndex = 0; path = shootingMap.app; sourceTree = BUILT_PRODUCTS_DIR; };
		B59EBD952A59286B001B7C0A /* shootingMapApp.swift */ = {isa = PBXFileReference; lastKnownFileType = sourcecode.swift; path = shootingMapApp.swift; sourceTree = "<group>"; };
		B59EBD972A59286B001B7C0A /* ContentView.swift */ = {isa = PBXFileReference; lastKnownFileType = sourcecode.swift; path = ContentView.swift; sourceTree = "<group>"; };
		B59EBD992A59286F001B7C0A /* Assets.xcassets */ = {isa = PBXFileReference; lastKnownFileType = folder.assetcatalog; path = Assets.xcassets; sourceTree = "<group>"; };
		B59EBD9C2A59286F001B7C0A /* Preview Assets.xcassets */ = {isa = PBXFileReference; lastKnownFileType = folder.assetcatalog; path = "Preview Assets.xcassets"; sourceTree = "<group>"; };
		B59EBDA62A5929B8001B7C0A /* Person.swift */ = {isa = PBXFileReference; lastKnownFileType = sourcecode.swift; path = Person.swift; sourceTree = "<group>"; };
		B59EBDAF2A5942DC001B7C0A /* Token.swift */ = {isa = PBXFileReference; lastKnownFileType = sourcecode.swift; path = Token.swift; sourceTree = "<group>"; };
		B5BE219F2A6ED6F300BA982E /* Info.plist */ = {isa = PBXFileReference; lastKnownFileType = text.plist.xml; path = Info.plist; sourceTree = "<group>"; };
		B5BE21A02A6ED70300BA982E /* Config.xcconfig */ = {isa = PBXFileReference; lastKnownFileType = text.xcconfig; path = Config.xcconfig; sourceTree = "<group>"; };
		B5BE21C72A6F82FD00BA982E /* Agency.swift */ = {isa = PBXFileReference; lastKnownFileType = sourcecode.swift; path = Agency.swift; sourceTree = "<group>"; };
		B5BE21C92A6F843400BA982E /* Agencies.swift */ = {isa = PBXFileReference; lastKnownFileType = sourcecode.swift; path = Agencies.swift; sourceTree = "<group>"; };
		B5C4EE8C2A5F7CE6002FE7E4 /* FilterView.swift */ = {isa = PBXFileReference; lastKnownFileType = sourcecode.swift; path = FilterView.swift; sourceTree = "<group>"; };
		B5C4EE8F2A603A01002FE7E4 /* armedTypes.txt */ = {isa = PBXFileReference; lastKnownFileType = text; path = armedTypes.txt; sourceTree = "<group>"; };
		B5C93B042A5C83A100053F23 /* PersonMapAnnotationView.swift */ = {isa = PBXFileReference; lastKnownFileType = sourcecode.swift; path = PersonMapAnnotationView.swift; sourceTree = "<group>"; };
		B5FDB8822A5AD87200D46198 /* Peoples.swift */ = {isa = PBXFileReference; lastKnownFileType = sourcecode.swift; path = Peoples.swift; sourceTree = "<group>"; };
		B5FDB8842A5AD8BE00D46198 /* ShootAPI.swift */ = {isa = PBXFileReference; lastKnownFileType = sourcecode.swift; path = ShootAPI.swift; sourceTree = "<group>"; };
		B5FDB8882A5ADA9000D46198 /* PeoplesView.swift */ = {isa = PBXFileReference; lastKnownFileType = sourcecode.swift; path = PeoplesView.swift; sourceTree = "<group>"; };
		B5FDB88A2A5AE2C100D46198 /* PeoplesViewModel.swift */ = {isa = PBXFileReference; lastKnownFileType = sourcecode.swift; path = PeoplesViewModel.swift; sourceTree = "<group>"; };
		B5FDB88C2A5AF8A900D46198 /* FilteredPersons.swift */ = {isa = PBXFileReference; lastKnownFileType = sourcecode.swift; path = FilteredPersons.swift; sourceTree = "<group>"; };
/* End PBXFileReference section */

/* Begin PBXFrameworksBuildPhase section */
		B59EBD8F2A59286B001B7C0A /* Frameworks */ = {
			isa = PBXFrameworksBuildPhase;
			buildActionMask = 2147483647;
			files = (
			);
			runOnlyForDeploymentPostprocessing = 0;
		};
/* End PBXFrameworksBuildPhase section */

/* Begin PBXGroup section */
		B59EBD892A59286B001B7C0A = {
			isa = PBXGroup;
			children = (
				B59EBD942A59286B001B7C0A /* shootingMap */,
				B59EBD932A59286B001B7C0A /* Products */,
			);
			sourceTree = "<group>";
		};
		B59EBD932A59286B001B7C0A /* Products */ = {
			isa = PBXGroup;
			children = (
				B59EBD922A59286B001B7C0A /* shootingMap.app */,
			);
			name = Products;
			sourceTree = "<group>";
		};
		B59EBD942A59286B001B7C0A /* shootingMap */ = {
			isa = PBXGroup;
			children = (
				B5BE21A02A6ED70300BA982E /* Config.xcconfig */,
				B5BE219F2A6ED6F300BA982E /* Info.plist */,
				B5C4EE8E2A6039BD002FE7E4 /* Notes */,
				B59EBDA82A592BB5001B7C0A /* DataServices */,
				B59EBDA52A592995001B7C0A /* ViewModels */,
				B59EBDA42A59298D001B7C0A /* Views */,
				B59EBDA32A59297C001B7C0A /* Models */,
				B59EBD952A59286B001B7C0A /* shootingMapApp.swift */,
				B59EBD972A59286B001B7C0A /* ContentView.swift */,
				B59EBD992A59286F001B7C0A /* Assets.xcassets */,
				B59EBD9B2A59286F001B7C0A /* Preview Content */,
			);
			path = shootingMap;
			sourceTree = "<group>";
		};
		B59EBD9B2A59286F001B7C0A /* Preview Content */ = {
			isa = PBXGroup;
			children = (
				B59EBD9C2A59286F001B7C0A /* Preview Assets.xcassets */,
			);
			path = "Preview Content";
			sourceTree = "<group>";
		};
		B59EBDA32A59297C001B7C0A /* Models */ = {
			isa = PBXGroup;
			children = (
				B57495642A5DDB8F009105F3 /* Persons.swift */,
				B59EBDA62A5929B8001B7C0A /* Person.swift */,
				B59EBDAF2A5942DC001B7C0A /* Token.swift */,
				B5FDB8822A5AD87200D46198 /* Peoples.swift */,
				B5BE21C72A6F82FD00BA982E /* Agency.swift */,
				B5BE21C92A6F843400BA982E /* Agencies.swift */,
			);
			path = Models;
			sourceTree = "<group>";
		};
		B59EBDA42A59298D001B7C0A /* Views */ = {
			isa = PBXGroup;
			children = (
				B5FDB8882A5ADA9000D46198 /* PeoplesView.swift */,
				B5C93B042A5C83A100053F23 /* PersonMapAnnotationView.swift */,
				B574955E2A5D7224009105F3 /* PersonPreviewView.swift */,
				B5C4EE8C2A5F7CE6002FE7E4 /* FilterView.swift */,
				B598E3472A69DFA2002E9B87 /* DetailView.swift */,
			);
			path = Views;
			sourceTree = "<group>";
		};
		B59EBDA52A592995001B7C0A /* ViewModels */ = {
			isa = PBXGroup;
			children = (
				B5FDB88A2A5AE2C100D46198 /* PeoplesViewModel.swift */,
			);
			path = ViewModels;
			sourceTree = "<group>";
		};
		B59EBDA82A592BB5001B7C0A /* DataServices */ = {
			isa = PBXGroup;
			children = (
				B5FDB8842A5AD8BE00D46198 /* ShootAPI.swift */,
				B5FDB88C2A5AF8A900D46198 /* FilteredPersons.swift */,
			);
			path = DataServices;
			sourceTree = "<group>";
		};
		B5C4EE8E2A6039BD002FE7E4 /* Notes */ = {
			isa = PBXGroup;
			children = (
				B5C4EE8F2A603A01002FE7E4 /* armedTypes.txt */,
			);
			path = Notes;
			sourceTree = "<group>";
		};
/* End PBXGroup section */

/* Begin PBXNativeTarget section */
		B59EBD912A59286B001B7C0A /* shootingMap */ = {
			isa = PBXNativeTarget;
			buildConfigurationList = B59EBDA02A59286F001B7C0A /* Build configuration list for PBXNativeTarget "shootingMap" */;
			buildPhases = (
				B59EBD8E2A59286B001B7C0A /* Sources */,
				B59EBD8F2A59286B001B7C0A /* Frameworks */,
				B59EBD902A59286B001B7C0A /* Resources */,
			);
			buildRules = (
			);
			dependencies = (
			);
			name = shootingMap;
			productName = shootingMap;
			productReference = B59EBD922A59286B001B7C0A /* shootingMap.app */;
			productType = "com.apple.product-type.application";
		};
/* End PBXNativeTarget section */

/* Begin PBXProject section */
		B59EBD8A2A59286B001B7C0A /* Project object */ = {
			isa = PBXProject;
			attributes = {
				BuildIndependentTargetsInParallel = 1;
				LastSwiftUpdateCheck = 1430;
				LastUpgradeCheck = 1430;
				TargetAttributes = {
					B59EBD912A59286B001B7C0A = {
						CreatedOnToolsVersion = 14.3.1;
					};
				};
			};
			buildConfigurationList = B59EBD8D2A59286B001B7C0A /* Build configuration list for PBXProject "shootingMap" */;
			compatibilityVersion = "Xcode 14.0";
			developmentRegion = en;
			hasScannedForEncodings = 0;
			knownRegions = (
				en,
				Base,
			);
			mainGroup = B59EBD892A59286B001B7C0A;
			productRefGroup = B59EBD932A59286B001B7C0A /* Products */;
			projectDirPath = "";
			projectRoot = "";
			targets = (
				B59EBD912A59286B001B7C0A /* shootingMap */,
			);
		};
/* End PBXProject section */

/* Begin PBXResourcesBuildPhase section */
		B59EBD902A59286B001B7C0A /* Resources */ = {
			isa = PBXResourcesBuildPhase;
			buildActionMask = 2147483647;
			files = (
				B59EBD9D2A59286F001B7C0A /* Preview Assets.xcassets in Resources */,
				B5C4EE902A603A01002FE7E4 /* armedTypes.txt in Resources */,
				B59EBD9A2A59286F001B7C0A /* Assets.xcassets in Resources */,
			);
			runOnlyForDeploymentPostprocessing = 0;
		};
/* End PBXResourcesBuildPhase section */

/* Begin PBXSourcesBuildPhase section */
		B59EBD8E2A59286B001B7C0A /* Sources */ = {
			isa = PBXSourcesBuildPhase;
			buildActionMask = 2147483647;
			files = (
				B5C4EE8D2A5F7CE6002FE7E4 /* FilterView.swift in Sources */,
				B5C93B052A5C83A100053F23 /* PersonMapAnnotationView.swift in Sources */,
				B5FDB88B2A5AE2C100D46198 /* PeoplesViewModel.swift in Sources */,
				B57495652A5DDB8F009105F3 /* Persons.swift in Sources */,
				B574955F2A5D7224009105F3 /* PersonPreviewView.swift in Sources */,
				B5FDB8852A5AD8BE00D46198 /* ShootAPI.swift in Sources */,
				B5FDB88D2A5AF8A900D46198 /* FilteredPersons.swift in Sources */,
				B59EBD982A59286B001B7C0A /* ContentView.swift in Sources */,
				B5BE21CA2A6F843400BA982E /* Agencies.swift in Sources */,
				B59EBDA72A5929B8001B7C0A /* Person.swift in Sources */,
				B59EBDB02A5942DC001B7C0A /* Token.swift in Sources */,
				B5FDB8892A5ADA9000D46198 /* PeoplesView.swift in Sources */,
				B59EBD962A59286B001B7C0A /* shootingMapApp.swift in Sources */,
				B598E3482A69DFA2002E9B87 /* DetailView.swift in Sources */,
				B5BE21C82A6F82FD00BA982E /* Agency.swift in Sources */,
				B5FDB8832A5AD87200D46198 /* Peoples.swift in Sources */,
			);
			runOnlyForDeploymentPostprocessing = 0;
		};
/* End PBXSourcesBuildPhase section */

/* Begin XCBuildConfiguration section */
		B59EBD9E2A59286F001B7C0A /* Debug */ = {
			isa = XCBuildConfiguration;
			buildSettings = {
				ALWAYS_SEARCH_USER_PATHS = NO;
				CLANG_ANALYZER_NONNULL = YES;
				CLANG_ANALYZER_NUMBER_OBJECT_CONVERSION = YES_AGGRESSIVE;
				CLANG_CXX_LANGUAGE_STANDARD = "gnu++20";
				CLANG_ENABLE_MODULES = YES;
				CLANG_ENABLE_OBJC_ARC = YES;
				CLANG_ENABLE_OBJC_WEAK = YES;
				CLANG_WARN_BLOCK_CAPTURE_AUTORELEASING = YES;
				CLANG_WARN_BOOL_CONVERSION = YES;
				CLANG_WARN_COMMA = YES;
				CLANG_WARN_CONSTANT_CONVERSION = YES;
				CLANG_WARN_DEPRECATED_OBJC_IMPLEMENTATIONS = YES;
				CLANG_WARN_DIRECT_OBJC_ISA_USAGE = YES_ERROR;
				CLANG_WARN_DOCUMENTATION_COMMENTS = YES;
				CLANG_WARN_EMPTY_BODY = YES;
				CLANG_WARN_ENUM_CONVERSION = YES;
				CLANG_WARN_INFINITE_RECURSION = YES;
				CLANG_WARN_INT_CONVERSION = YES;
				CLANG_WARN_NON_LITERAL_NULL_CONVERSION = YES;
				CLANG_WARN_OBJC_IMPLICIT_RETAIN_SELF = YES;
				CLANG_WARN_OBJC_LITERAL_CONVERSION = YES;
				CLANG_WARN_OBJC_ROOT_CLASS = YES_ERROR;
				CLANG_WARN_QUOTED_INCLUDE_IN_FRAMEWORK_HEADER = YES;
				CLANG_WARN_RANGE_LOOP_ANALYSIS = YES;
				CLANG_WARN_STRICT_PROTOTYPES = YES;
				CLANG_WARN_SUSPICIOUS_MOVE = YES;
				CLANG_WARN_UNGUARDED_AVAILABILITY = YES_AGGRESSIVE;
				CLANG_WARN_UNREACHABLE_CODE = YES;
				CLANG_WARN__DUPLICATE_METHOD_MATCH = YES;
				COPY_PHASE_STRIP = NO;
				DEBUG_INFORMATION_FORMAT = dwarf;
				ENABLE_STRICT_OBJC_MSGSEND = YES;
				ENABLE_TESTABILITY = YES;
				GCC_C_LANGUAGE_STANDARD = gnu11;
				GCC_DYNAMIC_NO_PIC = NO;
				GCC_NO_COMMON_BLOCKS = YES;
				GCC_OPTIMIZATION_LEVEL = 0;
				GCC_PREPROCESSOR_DEFINITIONS = (
					"DEBUG=1",
					"$(inherited)",
				);
				GCC_WARN_64_TO_32_BIT_CONVERSION = YES;
				GCC_WARN_ABOUT_RETURN_TYPE = YES_ERROR;
				GCC_WARN_UNDECLARED_SELECTOR = YES;
				GCC_WARN_UNINITIALIZED_AUTOS = YES_AGGRESSIVE;
				GCC_WARN_UNUSED_FUNCTION = YES;
				GCC_WARN_UNUSED_VARIABLE = YES;
				IPHONEOS_DEPLOYMENT_TARGET = 16.4;
				MTL_ENABLE_DEBUG_INFO = INCLUDE_SOURCE;
				MTL_FAST_MATH = YES;
				ONLY_ACTIVE_ARCH = YES;
				SDKROOT = iphoneos;
				SWIFT_ACTIVE_COMPILATION_CONDITIONS = DEBUG;
				SWIFT_OPTIMIZATION_LEVEL = "-Onone";
			};
			name = Debug;
		};
		B59EBD9F2A59286F001B7C0A /* Release */ = {
			isa = XCBuildConfiguration;
			buildSettings = {
				ALWAYS_SEARCH_USER_PATHS = NO;
				CLANG_ANALYZER_NONNULL = YES;
				CLANG_ANALYZER_NUMBER_OBJECT_CONVERSION = YES_AGGRESSIVE;
				CLANG_CXX_LANGUAGE_STANDARD = "gnu++20";
				CLANG_ENABLE_MODULES = YES;
				CLANG_ENABLE_OBJC_ARC = YES;
				CLANG_ENABLE_OBJC_WEAK = YES;
				CLANG_WARN_BLOCK_CAPTURE_AUTORELEASING = YES;
				CLANG_WARN_BOOL_CONVERSION = YES;
				CLANG_WARN_COMMA = YES;
				CLANG_WARN_CONSTANT_CONVERSION = YES;
				CLANG_WARN_DEPRECATED_OBJC_IMPLEMENTATIONS = YES;
				CLANG_WARN_DIRECT_OBJC_ISA_USAGE = YES_ERROR;
				CLANG_WARN_DOCUMENTATION_COMMENTS = YES;
				CLANG_WARN_EMPTY_BODY = YES;
				CLANG_WARN_ENUM_CONVERSION = YES;
				CLANG_WARN_INFINITE_RECURSION = YES;
				CLANG_WARN_INT_CONVERSION = YES;
				CLANG_WARN_NON_LITERAL_NULL_CONVERSION = YES;
				CLANG_WARN_OBJC_IMPLICIT_RETAIN_SELF = YES;
				CLANG_WARN_OBJC_LITERAL_CONVERSION = YES;
				CLANG_WARN_OBJC_ROOT_CLASS = YES_ERROR;
				CLANG_WARN_QUOTED_INCLUDE_IN_FRAMEWORK_HEADER = YES;
				CLANG_WARN_RANGE_LOOP_ANALYSIS = YES;
				CLANG_WARN_STRICT_PROTOTYPES = YES;
				CLANG_WARN_SUSPICIOUS_MOVE = YES;
				CLANG_WARN_UNGUARDED_AVAILABILITY = YES_AGGRESSIVE;
				CLANG_WARN_UNREACHABLE_CODE = YES;
				CLANG_WARN__DUPLICATE_METHOD_MATCH = YES;
				COPY_PHASE_STRIP = NO;
				DEBUG_INFORMATION_FORMAT = "dwarf-with-dsym";
				ENABLE_NS_ASSERTIONS = NO;
				ENABLE_STRICT_OBJC_MSGSEND = YES;
				GCC_C_LANGUAGE_STANDARD = gnu11;
				GCC_NO_COMMON_BLOCKS = YES;
				GCC_WARN_64_TO_32_BIT_CONVERSION = YES;
				GCC_WARN_ABOUT_RETURN_TYPE = YES_ERROR;
				GCC_WARN_UNDECLARED_SELECTOR = YES;
				GCC_WARN_UNINITIALIZED_AUTOS = YES_AGGRESSIVE;
				GCC_WARN_UNUSED_FUNCTION = YES;
				GCC_WARN_UNUSED_VARIABLE = YES;
				IPHONEOS_DEPLOYMENT_TARGET = 16.4;
				MTL_ENABLE_DEBUG_INFO = NO;
				MTL_FAST_MATH = YES;
				SDKROOT = iphoneos;
				SWIFT_COMPILATION_MODE = wholemodule;
				SWIFT_OPTIMIZATION_LEVEL = "-O";
				VALIDATE_PRODUCT = YES;
			};
			name = Release;
		};
		B59EBDA12A59286F001B7C0A /* Debug */ = {
			isa = XCBuildConfiguration;
			baseConfigurationReference = B5BE21A02A6ED70300BA982E /* Config.xcconfig */;
			buildSettings = {
				ASSETCATALOG_COMPILER_APPICON_NAME = AppIcon;
				ASSETCATALOG_COMPILER_GLOBAL_ACCENT_COLOR_NAME = AccentColor;
				CODE_SIGN_STYLE = Automatic;
				CURRENT_PROJECT_VERSION = 1;
				DEVELOPMENT_ASSET_PATHS = "\"shootingMap/Preview Content\"";
				DEVELOPMENT_TEAM = 8PPUA8X3N6;
				ENABLE_PREVIEWS = YES;
				GENERATE_INFOPLIST_FILE = YES;
				INFOPLIST_FILE = shootingMap/Info.plist;
				INFOPLIST_KEY_UIApplicationSceneManifest_Generation = YES;
				INFOPLIST_KEY_UIApplicationSupportsIndirectInputEvents = YES;
				INFOPLIST_KEY_UILaunchScreen_Generation = YES;
				INFOPLIST_KEY_UISupportedInterfaceOrientations_iPad = "UIInterfaceOrientationPortrait UIInterfaceOrientationPortraitUpsideDown UIInterfaceOrientationLandscapeLeft UIInterfaceOrientationLandscapeRight";
				INFOPLIST_KEY_UISupportedInterfaceOrientations_iPhone = "UIInterfaceOrientationPortrait UIInterfaceOrientationLandscapeLeft UIInterfaceOrientationLandscapeRight";
				IPHONEOS_DEPLOYMENT_TARGET = 15.6;
				LD_RUNPATH_SEARCH_PATHS = (
					"$(inherited)",
					"@executable_path/Frameworks",
				);
				MARKETING_VERSION = 1.0;
				PRODUCT_BUNDLE_IDENTIFIER = com.BenjaRogers.shootingMap;
				PRODUCT_NAME = "$(TARGET_NAME)";
				SWIFT_EMIT_LOC_STRINGS = YES;
				SWIFT_VERSION = 5.0;
				TARGETED_DEVICE_FAMILY = "1,2";
			};
			name = Debug;
		};
		B59EBDA22A59286F001B7C0A /* Release */ = {
			isa = XCBuildConfiguration;
			buildSettings = {
				ASSETCATALOG_COMPILER_APPICON_NAME = AppIcon;
				ASSETCATALOG_COMPILER_GLOBAL_ACCENT_COLOR_NAME = AccentColor;
				CODE_SIGN_STYLE = Automatic;
				CURRENT_PROJECT_VERSION = 1;
				DEVELOPMENT_ASSET_PATHS = "\"shootingMap/Preview Content\"";
				DEVELOPMENT_TEAM = 8PPUA8X3N6;
				ENABLE_PREVIEWS = YES;
				GENERATE_INFOPLIST_FILE = YES;
				INFOPLIST_FILE = shootingMap/Info.plist;
				INFOPLIST_KEY_UIApplicationSceneManifest_Generation = YES;
				INFOPLIST_KEY_UIApplicationSupportsIndirectInputEvents = YES;
				INFOPLIST_KEY_UILaunchScreen_Generation = YES;
				INFOPLIST_KEY_UISupportedInterfaceOrientations_iPad = "UIInterfaceOrientationPortrait UIInterfaceOrientationPortraitUpsideDown UIInterfaceOrientationLandscapeLeft UIInterfaceOrientationLandscapeRight";
				INFOPLIST_KEY_UISupportedInterfaceOrientations_iPhone = "UIInterfaceOrientationPortrait UIInterfaceOrientationLandscapeLeft UIInterfaceOrientationLandscapeRight";
				IPHONEOS_DEPLOYMENT_TARGET = 15.6;
				LD_RUNPATH_SEARCH_PATHS = (
					"$(inherited)",
					"@executable_path/Frameworks",
				);
				MARKETING_VERSION = 1.0;
				PRODUCT_BUNDLE_IDENTIFIER = com.BenjaRogers.shootingMap;
				PRODUCT_NAME = "$(TARGET_NAME)";
				SWIFT_EMIT_LOC_STRINGS = YES;
				SWIFT_VERSION = 5.0;
				TARGETED_DEVICE_FAMILY = "1,2";
			};
			name = Release;
		};
/* End XCBuildConfiguration section */

/* Begin XCConfigurationList section */
		B59EBD8D2A59286B001B7C0A /* Build configuration list for PBXProject "shootingMap" */ = {
			isa = XCConfigurationList;
			buildConfigurations = (
				B59EBD9E2A59286F001B7C0A /* Debug */,
				B59EBD9F2A59286F001B7C0A /* Release */,
			);
			defaultConfigurationIsVisible = 0;
			defaultConfigurationName = Release;
		};
		B59EBDA02A59286F001B7C0A /* Build configuration list for PBXNativeTarget "shootingMap" */ = {
			isa = XCConfigurationList;
			buildConfigurations = (
				B59EBDA12A59286F001B7C0A /* Debug */,
				B59EBDA22A59286F001B7C0A /* Release */,
			);
			defaultConfigurationIsVisible = 0;
			defaultConfigurationName = Release;
		};
/* End XCConfigurationList section */
	};
	rootObject = B59EBD8A2A59286B001B7C0A /* Project object */;
}
